{
  "sha": "39f03689f30ab22a8e6565db064f5776fd1b5b32",
  "sources": {
    "redis": {
      "path": "."
    },
    "newrelic-sysmond": {
      "locked_version": "1.3.2",
      "git": "git://github.com/jtescher/chef-newrelic-sysmond.git",
      "ref": "c3715ec1f14e682f42bd6d72c0e5feb4d3e247bd"
    },
    "build-essential": {
      "locked_version": "1.4.0"
    },
    "apt": {
      "locked_version": "1.9.2"
    }
  }
}
